/BlockSearch:
  ros__parameters:
    if_debug: true
    1_h_lower: 98
    1_s_lower: 190
    1_v_lower: 0
    
    1_h_upper: 105
    1_s_upper: 255
    1_v_upper: 255
    
    2_h_lower: 90
    2_s_lower: 150
    2_v_lower: 0
    
    2_h_upper: 98
    2_s_upper: 255
    2_v_upper: 255
    
    3_h_lower: 170
    3_s_lower: 180
    3_v_lower: 0
    
    3_h_upper: 180
    3_s_upper: 255
    3_v_upper: 255
    # ---------------------------------
    1_h_lower_: 90
    1_s_lower_: 30
    1_v_lower_: 0
    
    1_h_upper_: 110
    1_s_upper_: 140
    1_v_upper_: 255
    
    2_h_lower_: 90
    2_s_lower_: 150
    2_v_lower_: 0
    
    2_h_upper_: 98
    2_s_upper_: 255
    2_v_upper_: 255
    
    3_h_lower_: 160
    3_s_lower_: 100
    3_v_lower_: 0
    
    3_h_upper_: 180
    3_s_upper_: 255
    3_v_upper_: 255

