/BlockSearch:
  ros__parameters:
    if_debug: false
    3_h_lower: 98
    3_s_lower: 190
    3_v_lower: 0
    
    3_h_upper: 105
    3_s_upper: 255
    3_v_upper: 255
    
    2_h_lower: 55
    2_s_lower: 130
    2_v_lower: 0
    
    2_h_upper: 90
    2_s_upper: 255
    2_v_upper: 255
    
    1_h_lower: 150
    1_s_lower: 150
    1_v_lower: 0
    
    1_h_upper: 180
    1_s_upper: 255
    1_v_upper: 255
    # ---------------------------------
    3_h_lower_: 90
    3_s_lower_: 30
    3_v_lower_: 0
    
    3_h_upper_: 110
    3_s_upper_: 140
    3_v_upper_: 255
    
    2_h_lower_: 70
    2_s_lower_: 10
    2_v_lower_: 0
    
    2_h_upper_: 85
    2_s_upper_: 130
    2_v_upper_: 255
    
    1_h_lower_: 160
    1_s_lower_: 100
    1_v_lower_: 0
    
    1_h_upper_: 180
    1_s_upper_: 255
    1_v_upper_: 255

